
Microsoft Visual Studio Solution File, Format Version 12.00
# Visual Studio Version 17
VisualStudioVersion = 17.0.31903.59
MinimumVisualStudioVersion = 10.0.40219.1
Project("{FAE04EC0-301F-11D3-BF4B-00C04F79EFBC}") = "SIT.API", "SIT.API\SIT.API.csproj", "{6016AC1C-C17C-4CFC-AEB5-DA865DDDBF03}"
EndProject
Project("{FAE04EC0-301F-11D3-BF4B-00C04F79EFBC}") = "SIT.Core", "SIT.Core\SIT.Core.csproj", "{65EA80DE-6926-412A-8811-A0E43EC3152A}"
EndProject
Project("{FAE04EC0-301F-11D3-BF4B-00C04F79EFBC}") = "SIT.Application", "SIT.Application\SIT.Application.csproj", "{C8391DD5-374B-4732-ADB3-280EFCE6E3BC}"
EndProject
Project("{FAE04EC0-301F-11D3-BF4B-00C04F79EFBC}") = "SIT.Infrastructure", "SIT.Infrastructure\SIT.Infrastructure.csproj", "{E32AADE1-8F88-4881-AC1F-78DF99A1D56B}"
EndProject
Global
	GlobalSection(SolutionConfigurationPlatforms) = preSolution
		Debug|Any CPU = Debug|Any CPU
		Debug|x64 = Debug|x64
		Debug|x86 = Debug|x86
		Release|Any CPU = Release|Any CPU
		Release|x64 = Release|x64
		Release|x86 = Release|x86
	EndGlobalSection
	GlobalSection(ProjectConfigurationPlatforms) = postSolution
		{6016AC1C-C17C-4CFC-AEB5-DA865DDDBF03}.Debug|Any CPU.ActiveCfg = Debug|Any CPU
		{6016AC1C-C17C-4CFC-AEB5-DA865DDDBF03}.Debug|Any CPU.Build.0 = Debug|Any CPU
		{6016AC1C-C17C-4CFC-AEB5-DA865DDDBF03}.Debug|x64.ActiveCfg = Debug|Any CPU
		{6016AC1C-C17C-4CFC-AEB5-DA865DDDBF03}.Debug|x64.Build.0 = Debug|Any CPU
		{6016AC1C-C17C-4CFC-AEB5-DA865DDDBF03}.Debug|x86.ActiveCfg = Debug|Any CPU
		{6016AC1C-C17C-4CFC-AEB5-DA865DDDBF03}.Debug|x86.Build.0 = Debug|Any CPU
		{6016AC1C-C17C-4CFC-AEB5-DA865DDDBF03}.Release|Any CPU.ActiveCfg = Release|Any CPU
		{6016AC1C-C17C-4CFC-AEB5-DA865DDDBF03}.Release|Any CPU.Build.0 = Release|Any CPU
		{6016AC1C-C17C-4CFC-AEB5-DA865DDDBF03}.Release|x64.ActiveCfg = Release|Any CPU
		{6016AC1C-C17C-4CFC-AEB5-DA865DDDBF03}.Release|x64.Build.0 = Release|Any CPU
		{6016AC1C-C17C-4CFC-AEB5-DA865DDDBF03}.Release|x86.ActiveCfg = Release|Any CPU
		{6016AC1C-C17C-4CFC-AEB5-DA865DDDBF03}.Release|x86.Build.0 = Release|Any CPU
		{65EA80DE-6926-412A-8811-A0E43EC3152A}.Debug|Any CPU.ActiveCfg = Debug|Any CPU
		{65EA80DE-6926-412A-8811-A0E43EC3152A}.Debug|Any CPU.Build.0 = Debug|Any CPU
		{65EA80DE-6926-412A-8811-A0E43EC3152A}.Debug|x64.ActiveCfg = Debug|Any CPU
		{65EA80DE-6926-412A-8811-A0E43EC3152A}.Debug|x64.Build.0 = Debug|Any CPU
		{65EA80DE-6926-412A-8811-A0E43EC3152A}.Debug|x86.ActiveCfg = Debug|Any CPU
		{65EA80DE-6926-412A-8811-A0E43EC3152A}.Debug|x86.Build.0 = Debug|Any CPU
		{65EA80DE-6926-412A-8811-A0E43EC3152A}.Release|Any CPU.ActiveCfg = Release|Any CPU
		{65EA80DE-6926-412A-8811-A0E43EC3152A}.Release|Any CPU.Build.0 = Release|Any CPU
		{65EA80DE-6926-412A-8811-A0E43EC3152A}.Release|x64.ActiveCfg = Release|Any CPU
		{65EA80DE-6926-412A-8811-A0E43EC3152A}.Release|x64.Build.0 = Release|Any CPU
		{65EA80DE-6926-412A-8811-A0E43EC3152A}.Release|x86.ActiveCfg = Release|Any CPU
		{65EA80DE-6926-412A-8811-A0E43EC3152A}.Release|x86.Build.0 = Release|Any CPU
		{C8391DD5-374B-4732-ADB3-280EFCE6E3BC}.Debug|Any CPU.ActiveCfg = Debug|Any CPU
		{C8391DD5-374B-4732-ADB3-280EFCE6E3BC}.Debug|Any CPU.Build.0 = Debug|Any CPU
		{C8391DD5-374B-4732-ADB3-280EFCE6E3BC}.Debug|x64.ActiveCfg = Debug|Any CPU
		{C8391DD5-374B-4732-ADB3-280EFCE6E3BC}.Debug|x64.Build.0 = Debug|Any CPU
		{C8391DD5-374B-4732-ADB3-280EFCE6E3BC}.Debug|x86.ActiveCfg = Debug|Any CPU
		{C8391DD5-374B-4732-ADB3-280EFCE6E3BC}.Debug|x86.Build.0 = Debug|Any CPU
		{C8391DD5-374B-4732-ADB3-280EFCE6E3BC}.Release|Any CPU.ActiveCfg = Release|Any CPU
		{C8391DD5-374B-4732-ADB3-280EFCE6E3BC}.Release|Any CPU.Build.0 = Release|Any CPU
		{C8391DD5-374B-4732-ADB3-280EFCE6E3BC}.Release|x64.ActiveCfg = Release|Any CPU
		{C8391DD5-374B-4732-ADB3-280EFCE6E3BC}.Release|x64.Build.0 = Release|Any CPU
		{C8391DD5-374B-4732-ADB3-280EFCE6E3BC}.Release|x86.ActiveCfg = Release|Any CPU
		{C8391DD5-374B-4732-ADB3-280EFCE6E3BC}.Release|x86.Build.0 = Release|Any CPU
		{E32AADE1-8F88-4881-AC1F-78DF99A1D56B}.Debug|Any CPU.ActiveCfg = Debug|Any CPU
		{E32AADE1-8F88-4881-AC1F-78DF99A1D56B}.Debug|Any CPU.Build.0 = Debug|Any CPU
		{E32AADE1-8F88-4881-AC1F-78DF99A1D56B}.Debug|x64.ActiveCfg = Debug|Any CPU
		{E32AADE1-8F88-4881-AC1F-78DF99A1D56B}.Debug|x64.Build.0 = Debug|Any CPU
		{E32AADE1-8F88-4881-AC1F-78DF99A1D56B}.Debug|x86.ActiveCfg = Debug|Any CPU
		{E32AADE1-8F88-4881-AC1F-78DF99A1D56B}.Debug|x86.Build.0 = Debug|Any CPU
		{E32AADE1-8F88-4881-AC1F-78DF99A1D56B}.Release|Any CPU.ActiveCfg = Release|Any CPU
		{E32AADE1-8F88-4881-AC1F-78DF99A1D56B}.Release|Any CPU.Build.0 = Release|Any CPU
		{E32AADE1-8F88-4881-AC1F-78DF99A1D56B}.Release|x64.ActiveCfg = Release|Any CPU
		{E32AADE1-8F88-4881-AC1F-78DF99A1D56B}.Release|x64.Build.0 = Release|Any CPU
		{E32AADE1-8F88-4881-AC1F-78DF99A1D56B}.Release|x86.ActiveCfg = Release|Any CPU
		{E32AADE1-8F88-4881-AC1F-78DF99A1D56B}.Release|x86.Build.0 = Release|Any CPU
	EndGlobalSection
	GlobalSection(SolutionProperties) = preSolution
		HideSolutionNode = FALSE
	EndGlobalSection
EndGlobal
